{
  "name": "worker",
  "version": "1.0.0",
  "lockfileVersion": 3,
  "requires": true,
  "packages": {
    "": {
      "name": "worker",
      "version": "1.0.0",
      "license": "ISC",
      "dependencies": {
        "@cloudflare/workers-types": "^4.20251211.0"
      }
    },
    "node_modules/@cloudflare/workers-types": {
      "version": "4.20251211.0",
      "resolved": "https://registry.npmjs.org/@cloudflare/workers-types/-/workers-types-4.20251211.0.tgz",
      "integrity": "sha512-e87o6KbelCz7dnI5ngrGT2ca15vJZ+COb2eqJ52iDHmOaujyC6aYZ71e2vor8X6V9T6tcDElC5sAqPR93j09EA==",
      "license": "MIT OR Apache-2.0"
    }
  }
}
